
Microsoft Visual Studio Solution File, Format Version 12.00
# Visual Studio Version 17
VisualStudioVersion = 17.4.33110.190
MinimumVisualStudioVersion = 10.0.40219.1
Project("{FAE04EC0-301F-11D3-BF4B-00C04F79EFBC}") = "TDTProject", "TDTProject\TDTProject.csproj", "{A15AFF14-11DC-4398-8334-E989481B84DE}"
EndProject
Global
	GlobalSection(SolutionConfigurationPlatforms) = preSolution
		Debug|Any CPU = Debug|Any CPU
		Release|Any CPU = Release|Any CPU
	EndGlobalSection
	GlobalSection(ProjectConfigurationPlatforms) = postSolution
		{A15AFF14-11DC-4398-8334-E989481B84DE}.Debug|Any CPU.ActiveCfg = Debug|Any CPU
		{A15AFF14-11DC-4398-8334-E989481B84DE}.Debug|Any CPU.Build.0 = Debug|Any CPU
		{A15AFF14-11DC-4398-8334-E989481B84DE}.Release|Any CPU.ActiveCfg = Release|Any CPU
		{A15AFF14-11DC-4398-8334-E989481B84DE}.Release|Any CPU.Build.0 = Release|Any CPU
	EndGlobalSection
	GlobalSection(SolutionProperties) = preSolution
		HideSolutionNode = FALSE
	EndGlobalSection
	GlobalSection(ExtensibilityGlobals) = postSolution
		SolutionGuid = {9E8A1AFB-2666-426C-AC9A-9707F93F04AD}
	EndGlobalSection
EndGlobal
